// !$*UTF8*$!
{
	archiveVersion = 1;
	classes = {
	};
	objectVersion = 52;
	objects = {

/* Begin PBXBuildFile section */
		1D0A83972698A8360000EAE5 /* AppDelegate.swift in Sources */ = {isa = PBXBuildFile; fileRef = 1D0A83962698A8360000EAE5 /* AppDelegate.swift */; };
		1D0A83992698A8360000EAE5 /* SceneDelegate.swift in Sources */ = {isa = PBXBuildFile; fileRef = 1D0A83982698A8360000EAE5 /* SceneDelegate.swift */; };
		1D0A839E2698A8360000EAE5 /* Main.storyboard in Resources */ = {isa = PBXBuildFile; fileRef = 1D0A839C2698A8360000EAE5 /* Main.storyboard */; };
		1D0A83A02698A8580000EAE5 /* Assets.xcassets in Resources */ = {isa = PBXBuildFile; fileRef = 1D0A839F2698A8580000EAE5 /* Assets.xcassets */; };
		1D0A83A32698A8580000EAE5 /* LaunchScreen.storyboard in Resources */ = {isa = PBXBuildFile; fileRef = 1D0A83A12698A8580000EAE5 /* LaunchScreen.storyboard */; };
		1D0A83AE2698A8590000EAE5 /* FlixsterTests.swift in Sources */ = {isa = PBXBuildFile; fileRef = 1D0A83AD2698A8590000EAE5 /* FlixsterTests.swift */; };
		1D0A83B92698A8590000EAE5 /* FlixsterUITests.swift in Sources */ = {isa = PBXBuildFile; fileRef = 1D0A83B82698A8590000EAE5 /* FlixsterUITests.swift */; };
		1D7B91B72698AC120070B0ED /* MoviesViewController.swift in Sources */ = {isa = PBXBuildFile; fileRef = 1D7B91B62698AC120070B0ED /* MoviesViewController.swift */; };
		1D7B91B92698B48E0070B0ED /* MovieCell.swift in Sources */ = {isa = PBXBuildFile; fileRef = 1D7B91B82698B48E0070B0ED /* MovieCell.swift */; };
		1D7B91BC2698B8420070B0ED /* BuildFile in Frameworks */ = {isa = PBXBuildFile; productRef = 1D7B91BB2698B8420070B0ED /* SwiftPackageProductDependency */; };
		91DD6E86ECBE8F9F6D6E0225 /* Pods_Flixster_FlixsterUITests.framework in Frameworks */ = {isa = PBXBuildFile; fileRef = B12D8B48317BBE518D54FCA9 /* Pods_Flixster_FlixsterUITests.framework */; };
		9AEB2DD6193BBCA60BE61D03 /* Pods_FlixsterTests.framework in Frameworks */ = {isa = PBXBuildFile; fileRef = 467E6B87CE48D6CFFF6791E2 /* Pods_FlixsterTests.framework */; };
		A21AE77C18157D6B7B050F7F /* Pods_Flixster.framework in Frameworks */ = {isa = PBXBuildFile; fileRef = 14C877D5365452A27C5E8B56 /* Pods_Flixster.framework */; };
/* End PBXBuildFile section */

/* Begin PBXContainerItemProxy section */
		1D0A83AA2698A8590000EAE5 /* PBXContainerItemProxy */ = {
			isa = PBXContainerItemProxy;
			containerPortal = 1D0A838B2698A8350000EAE5 /* Project object */;
			proxyType = 1;
			remoteGlobalIDString = 1D0A83922698A8360000EAE5;
			remoteInfo = Flixster;
		};
		1D0A83B52698A8590000EAE5 /* PBXContainerItemProxy */ = {
			isa = PBXContainerItemProxy;
			containerPortal = 1D0A838B2698A8350000EAE5 /* Project object */;
			proxyType = 1;
			remoteGlobalIDString = 1D0A83922698A8360000EAE5;
			remoteInfo = Flixster;
		};
/* End PBXContainerItemProxy section */

/* Begin PBXFileReference section */
		14C877D5365452A27C5E8B56 /* Pods_Flixster.framework */ = {isa = PBXFileReference; explicitFileType = wrapper.framework; includeInIndex = 0; path = Pods_Flixster.framework; sourceTree = BUILT_PRODUCTS_DIR; };
		182E9F198883AF62EBF39B0B /* Pods-Flixster.debug.xcconfig */ = {isa = PBXFileReference; includeInIndex = 1; lastKnownFileType = text.xcconfig; name = "Pods-Flixster.debug.xcconfig"; path = "Target Support Files/Pods-Flixster/Pods-Flixster.debug.xcconfig"; sourceTree = "<group>"; };
		1D0A83932698A8360000EAE5 /* Flixster.app */ = {isa = PBXFileReference; explicitFileType = wrapper.application; includeInIndex = 0; path = Flixster.app; sourceTree = BUILT_PRODUCTS_DIR; };
		1D0A83962698A8360000EAE5 /* AppDelegate.swift */ = {isa = PBXFileReference; lastKnownFileType = sourcecode.swift; path = AppDelegate.swift; sourceTree = "<group>"; };
		1D0A83982698A8360000EAE5 /* SceneDelegate.swift */ = {isa = PBXFileReference; lastKnownFileType = sourcecode.swift; path = SceneDelegate.swift; sourceTree = "<group>"; };
		1D0A839D2698A8360000EAE5 /* Base */ = {isa = PBXFileReference; lastKnownFileType = file.storyboard; name = Base; path = Base.lproj/Main.storyboard; sourceTree = "<group>"; };
		1D0A839F2698A8580000EAE5 /* Assets.xcassets */ = {isa = PBXFileReference; lastKnownFileType = folder.assetcatalog; path = Assets.xcassets; sourceTree = "<group>"; };
		1D0A83A22698A8580000EAE5 /* Base */ = {isa = PBXFileReference; lastKnownFileType = file.storyboard; name = Base; path = Base.lproj/LaunchScreen.storyboard; sourceTree = "<group>"; };
		1D0A83A42698A8580000EAE5 /* Info.plist */ = {isa = PBXFileReference; lastKnownFileType = text.plist.xml; path = Info.plist; sourceTree = "<group>"; };
		1D0A83A92698A8590000EAE5 /* FlixsterTests.xctest */ = {isa = PBXFileReference; explicitFileType = wrapper.cfbundle; includeInIndex = 0; path = FlixsterTests.xctest; sourceTree = BUILT_PRODUCTS_DIR; };
		1D0A83AD2698A8590000EAE5 /* FlixsterTests.swift */ = {isa = PBXFileReference; lastKnownFileType = sourcecode.swift; path = FlixsterTests.swift; sourceTree = "<group>"; };
		1D0A83AF2698A8590000EAE5 /* Info.plist */ = {isa = PBXFileReference; lastKnownFileType = text.plist.xml; path = Info.plist; sourceTree = "<group>"; };
		1D0A83B42698A8590000EAE5 /* FlixsterUITests.xctest */ = {isa = PBXFileReference; explicitFileType = wrapper.cfbundle; includeInIndex = 0; path = FlixsterUITests.xctest; sourceTree = BUILT_PRODUCTS_DIR; };
		1D0A83B82698A8590000EAE5 /* FlixsterUITests.swift */ = {isa = PBXFileReference; lastKnownFileType = sourcecode.swift; path = FlixsterUITests.swift; sourceTree = "<group>"; };
		1D0A83BA2698A8590000EAE5 /* Info.plist */ = {isa = PBXFileReference; lastKnownFileType = text.plist.xml; path = Info.plist; sourceTree = "<group>"; };
		1D7B91B62698AC120070B0ED /* MoviesViewController.swift */ = {isa = PBXFileReference; lastKnownFileType = sourcecode.swift; path = MoviesViewController.swift; sourceTree = "<group>"; };
		1D7B91B82698B48E0070B0ED /* MovieCell.swift */ = {isa = PBXFileReference; lastKnownFileType = sourcecode.swift; path = MovieCell.swift; sourceTree = "<group>"; };
		467E6B87CE48D6CFFF6791E2 /* Pods_FlixsterTests.framework */ = {isa = PBXFileReference; explicitFileType = wrapper.framework; includeInIndex = 0; path = Pods_FlixsterTests.framework; sourceTree = BUILT_PRODUCTS_DIR; };
		62E68C51B1682B1820170782 /* Pods-Flixster-FlixsterUITests.debug.xcconfig */ = {isa = PBXFileReference; includeInIndex = 1; lastKnownFileType = text.xcconfig; name = "Pods-Flixster-FlixsterUITests.debug.xcconfig"; path = "Target Support Files/Pods-Flixster-FlixsterUITests/Pods-Flixster-FlixsterUITests.debug.xcconfig"; sourceTree = "<group>"; };
		8D28241FA45B2783C8F07AC2 /* Pods-FlixsterTests.release.xcconfig */ = {isa = PBXFileReference; includeInIndex = 1; lastKnownFileType = text.xcconfig; name = "Pods-FlixsterTests.release.xcconfig"; path = "Target Support Files/Pods-FlixsterTests/Pods-FlixsterTests.release.xcconfig"; sourceTree = "<group>"; };
		943B66B61FDA774A3F87E263 /* Pods-FlixsterTests.debug.xcconfig */ = {isa = PBXFileReference; includeInIndex = 1; lastKnownFileType = text.xcconfig; name = "Pods-FlixsterTests.debug.xcconfig"; path = "Target Support Files/Pods-FlixsterTests/Pods-FlixsterTests.debug.xcconfig"; sourceTree = "<group>"; };
		B12D8B48317BBE518D54FCA9 /* Pods_Flixster_FlixsterUITests.framework */ = {isa = PBXFileReference; explicitFileType = wrapper.framework; includeInIndex = 0; path = Pods_Flixster_FlixsterUITests.framework; sourceTree = BUILT_PRODUCTS_DIR; };
		D368A226B8FABFF714129E52 /* Pods-Flixster-FlixsterUITests.release.xcconfig */ = {isa = PBXFileReference; includeInIndex = 1; lastKnownFileType = text.xcconfig; name = "Pods-Flixster-FlixsterUITests.release.xcconfig"; path = "Target Support Files/Pods-Flixster-FlixsterUITests/Pods-Flixster-FlixsterUITests.release.xcconfig"; sourceTree = "<group>"; };
		EE97BF1F2532D71A0F449EF1 /* Pods-Flixster.release.xcconfig */ = {isa = PBXFileReference; includeInIndex = 1; lastKnownFileType = text.xcconfig; name = "Pods-Flixster.release.xcconfig"; path = "Target Support Files/Pods-Flixster/Pods-Flixster.release.xcconfig"; sourceTree = "<group>"; };
/* End PBXFileReference section */

/* Begin PBXFrameworksBuildPhase section */
		1D0A83902698A8360000EAE5 /* Frameworks */ = {
			isa = PBXFrameworksBuildPhase;
			buildActionMask = 2147483647;
			files = (
				1D7B91BC2698B8420070B0ED /* BuildFile in Frameworks */,
				A21AE77C18157D6B7B050F7F /* Pods_Flixster.framework in Frameworks */,
			);
			runOnlyForDeploymentPostprocessing = 0;
		};
		1D0A83A62698A8590000EAE5 /* Frameworks */ = {
			isa = PBXFrameworksBuildPhase;
			buildActionMask = 2147483647;
			files = (
				9AEB2DD6193BBCA60BE61D03 /* Pods_FlixsterTests.framework in Frameworks */,
			);
			runOnlyForDeploymentPostprocessing = 0;
		};
		1D0A83B12698A8590000EAE5 /* Frameworks */ = {
			isa = PBXFrameworksBuildPhase;
			buildActionMask = 2147483647;
			files = (
				91DD6E86ECBE8F9F6D6E0225 /* Pods_Flixster_FlixsterUITests.framework in Frameworks */,
			);
			runOnlyForDeploymentPostprocessing = 0;
		};
/* End PBXFrameworksBuildPhase section */

/* Begin PBXGroup section */
		1D0A838A2698A8350000EAE5 = {
			isa = PBXGroup;
			children = (
				1D0A83952698A8360000EAE5 /* Flixster */,
				1D0A83AC2698A8590000EAE5 /* FlixsterTests */,
				1D0A83B72698A8590000EAE5 /* FlixsterUITests */,
				1D0A83942698A8360000EAE5 /* Products */,
				D2ECA7AF28DF63940EB797A4 /* Pods */,
				BB0A8010409101C75E67CC61 /* Frameworks */,
			);
			sourceTree = "<group>";
		};
		1D0A83942698A8360000EAE5 /* Products */ = {
			isa = PBXGroup;
			children = (
				1D0A83932698A8360000EAE5 /* Flixster.app */,
				1D0A83A92698A8590000EAE5 /* FlixsterTests.xctest */,
				1D0A83B42698A8590000EAE5 /* FlixsterUITests.xctest */,
			);
			name = Products;
			sourceTree = "<group>";
		};
		1D0A83952698A8360000EAE5 /* Flixster */ = {
			isa = PBXGroup;
			children = (
				1D0A83962698A8360000EAE5 /* AppDelegate.swift */,
				1D0A83982698A8360000EAE5 /* SceneDelegate.swift */,
				1D0A839C2698A8360000EAE5 /* Main.storyboard */,
				1D0A839F2698A8580000EAE5 /* Assets.xcassets */,
				1D0A83A12698A8580000EAE5 /* LaunchScreen.storyboard */,
				1D0A83A42698A8580000EAE5 /* Info.plist */,
				1D7B91B62698AC120070B0ED /* MoviesViewController.swift */,
				1D7B91B82698B48E0070B0ED /* MovieCell.swift */,
			);
			path = Flixster;
			sourceTree = "<group>";
		};
		1D0A83AC2698A8590000EAE5 /* FlixsterTests */ = {
			isa = PBXGroup;
			children = (
				1D0A83AD2698A8590000EAE5 /* FlixsterTests.swift */,
				1D0A83AF2698A8590000EAE5 /* Info.plist */,
			);
			path = FlixsterTests;
			sourceTree = "<group>";
		};
		1D0A83B72698A8590000EAE5 /* FlixsterUITests */ = {
			isa = PBXGroup;
			children = (
				1D0A83B82698A8590000EAE5 /* FlixsterUITests.swift */,
				1D0A83BA2698A8590000EAE5 /* Info.plist */,
			);
			path = FlixsterUITests;
			sourceTree = "<group>";
		};
		BB0A8010409101C75E67CC61 /* Frameworks */ = {
			isa = PBXGroup;
			children = (
				14C877D5365452A27C5E8B56 /* Pods_Flixster.framework */,
				B12D8B48317BBE518D54FCA9 /* Pods_Flixster_FlixsterUITests.framework */,
				467E6B87CE48D6CFFF6791E2 /* Pods_FlixsterTests.framework */,
			);
			name = Frameworks;
			sourceTree = "<group>";
		};
		D2ECA7AF28DF63940EB797A4 /* Pods */ = {
			isa = PBXGroup;
			children = (
				182E9F198883AF62EBF39B0B /* Pods-Flixster.debug.xcconfig */,
				EE97BF1F2532D71A0F449EF1 /* Pods-Flixster.release.xcconfig */,
				62E68C51B1682B1820170782 /* Pods-Flixster-FlixsterUITests.debug.xcconfig */,
				D368A226B8FABFF714129E52 /* Pods-Flixster-FlixsterUITests.release.xcconfig */,
				943B66B61FDA774A3F87E263 /* Pods-FlixsterTests.debug.xcconfig */,
				8D28241FA45B2783C8F07AC2 /* Pods-FlixsterTests.release.xcconfig */,
			);
			name = Pods;
			path = Pods;
			sourceTree = "<group>";
		};
/* End PBXGroup section */

/* Begin PBXNativeTarget section */
		1D0A83922698A8360000EAE5 /* Flixster */ = {
			isa = PBXNativeTarget;
			buildConfigurationList = 1D0A83BD2698A8590000EAE5 /* Build configuration list for PBXNativeTarget "Flixster" */;
			buildPhases = (
				B6A4B54EAEB4638B43F955C8 /* [CP] Check Pods Manifest.lock */,
				1D0A838F2698A8360000EAE5 /* Sources */,
				1D0A83902698A8360000EAE5 /* Frameworks */,
				1D0A83912698A8360000EAE5 /* Resources */,
				17CCE26CCE55E4C82FF93E26 /* [CP] Embed Pods Frameworks */,
			);
			buildRules = (
			);
			dependencies = (
			);
			name = Flixster;
			packageProductDependencies = (
				1D7B91BB2698B8420070B0ED /* SwiftPackageProductDependency */,
			);
			productName = Flixster;
			productReference = 1D0A83932698A8360000EAE5 /* Flixster.app */;
			productType = "com.apple.product-type.application";
		};
		1D0A83A82698A8590000EAE5 /* FlixsterTests */ = {
			isa = PBXNativeTarget;
			buildConfigurationList = 1D0A83C02698A8590000EAE5 /* Build configuration list for PBXNativeTarget "FlixsterTests" */;
			buildPhases = (
				3FB41542D51DC7A87E1F8246 /* [CP] Check Pods Manifest.lock */,
				1D0A83A52698A8590000EAE5 /* Sources */,
				1D0A83A62698A8590000EAE5 /* Frameworks */,
				1D0A83A72698A8590000EAE5 /* Resources */,
			);
			buildRules = (
			);
			dependencies = (
				1D0A83AB2698A8590000EAE5 /* PBXTargetDependency */,
			);
			name = FlixsterTests;
			productName = FlixsterTests;
			productReference = 1D0A83A92698A8590000EAE5 /* FlixsterTests.xctest */;
			productType = "com.apple.product-type.bundle.unit-test";
		};
		1D0A83B32698A8590000EAE5 /* FlixsterUITests */ = {
			isa = PBXNativeTarget;
			buildConfigurationList = 1D0A83C32698A8590000EAE5 /* Build configuration list for PBXNativeTarget "FlixsterUITests" */;
			buildPhases = (
				CC2744067FBDB1590617BE1E /* [CP] Check Pods Manifest.lock */,
				1D0A83B02698A8590000EAE5 /* Sources */,
				1D0A83B12698A8590000EAE5 /* Frameworks */,
				1D0A83B22698A8590000EAE5 /* Resources */,
				16293D67BC45CD0D76FE9CD0 /* [CP] Embed Pods Frameworks */,
			);
			buildRules = (
			);
			dependencies = (
				1D0A83B62698A8590000EAE5 /* PBXTargetDependency */,
			);
			name = FlixsterUITests;
			productName = FlixsterUITests;
			productReference = 1D0A83B42698A8590000EAE5 /* FlixsterUITests.xctest */;
			productType = "com.apple.product-type.bundle.ui-testing";
		};
/* End PBXNativeTarget section */

/* Begin PBXProject section */
		1D0A838B2698A8350000EAE5 /* Project object */ = {
			isa = PBXProject;
			attributes = {
				LastSwiftUpdateCheck = 1250;
				LastUpgradeCheck = 1250;
				TargetAttributes = {
					1D0A83922698A8360000EAE5 = {
						CreatedOnToolsVersion = 12.5.1;
					};
					1D0A83A82698A8590000EAE5 = {
						CreatedOnToolsVersion = 12.5.1;
						TestTargetID = 1D0A83922698A8360000EAE5;
					};
					1D0A83B32698A8590000EAE5 = {
						CreatedOnToolsVersion = 12.5.1;
						TestTargetID = 1D0A83922698A8360000EAE5;
					};
				};
			};
			buildConfigurationList = 1D0A838E2698A8350000EAE5 /* Build configuration list for PBXProject "Flixster" */;
			compatibilityVersion = "Xcode 9.3";
			developmentRegion = en;
			hasScannedForEncodings = 0;
			knownRegions = (
				en,
				Base,
			);
			mainGroup = 1D0A838A2698A8350000EAE5;
			packageReferences = (
				1D7B91BA2698B8420070B0ED /* RemoteSwiftPackageReference */,
			);
			productRefGroup = 1D0A83942698A8360000EAE5 /* Products */;
			projectDirPath = "";
			projectRoot = "";
			targets = (
				1D0A83922698A8360000EAE5 /* Flixster */,
				1D0A83A82698A8590000EAE5 /* FlixsterTests */,
				1D0A83B32698A8590000EAE5 /* FlixsterUITests */,
			);
		};
/* End PBXProject section */

/* Begin PBXResourcesBuildPhase section */
		1D0A83912698A8360000EAE5 /* Resources */ = {
			isa = PBXResourcesBuildPhase;
			buildActionMask = 2147483647;
			files = (
				1D0A83A32698A8580000EAE5 /* LaunchScreen.storyboard in Resources */,
				1D0A83A02698A8580000EAE5 /* Assets.xcassets in Resources */,
				1D0A839E2698A8360000EAE5 /* Main.storyboard in Resources */,
			);
			runOnlyForDeploymentPostprocessing = 0;
		};
		1D0A83A72698A8590000EAE5 /* Resources */ = {
			isa = PBXResourcesBuildPhase;
			buildActionMask = 2147483647;
			files = (
			);
			runOnlyForDeploymentPostprocessing = 0;
		};
		1D0A83B22698A8590000EAE5 /* Resources */ = {
			isa = PBXResourcesBuildPhase;
			buildActionMask = 2147483647;
			files = (
			);
			runOnlyForDeploymentPostprocessing = 0;
		};
/* End PBXResourcesBuildPhase section */

/* Begin PBXShellScriptBuildPhase section */
		16293D67BC45CD0D76FE9CD0 /* [CP] Embed Pods Frameworks */ = {
			isa = PBXShellScriptBuildPhase;
			buildActionMask = 2147483647;
			files = (
			);
			inputFileListPaths = (
				"${PODS_ROOT}/Target Support Files/Pods-Flixster-FlixsterUITests/Pods-Flixster-FlixsterUITests-frameworks-${CONFIGURATION}-input-files.xcfilelist",
			);
			name = "[CP] Embed Pods Frameworks";
			outputFileListPaths = (
				"${PODS_ROOT}/Target Support Files/Pods-Flixster-FlixsterUITests/Pods-Flixster-FlixsterUITests-frameworks-${CONFIGURATION}-output-files.xcfilelist",
			);
			runOnlyForDeploymentPostprocessing = 0;
			shellPath = /bin/sh;
			shellScript = "\"${PODS_ROOT}/Target Support Files/Pods-Flixster-FlixsterUITests/Pods-Flixster-FlixsterUITests-frameworks.sh\"\n";
			showEnvVarsInLog = 0;
		};
		17CCE26CCE55E4C82FF93E26 /* [CP] Embed Pods Frameworks */ = {
			isa = PBXShellScriptBuildPhase;
			buildActionMask = 2147483647;
			files = (
			);
			inputFileListPaths = (
				"${PODS_ROOT}/Target Support Files/Pods-Flixster/Pods-Flixster-frameworks-${CONFIGURATION}-input-files.xcfilelist",
			);
			name = "[CP] Embed Pods Frameworks";
			outputFileListPaths = (
				"${PODS_ROOT}/Target Support Files/Pods-Flixster/Pods-Flixster-frameworks-${CONFIGURATION}-output-files.xcfilelist",
			);
			runOnlyForDeploymentPostprocessing = 0;
			shellPath = /bin/sh;
			shellScript = "\"${PODS_ROOT}/Target Support Files/Pods-Flixster/Pods-Flixster-frameworks.sh\"\n";
			showEnvVarsInLog = 0;
		};
		3FB41542D51DC7A87E1F8246 /* [CP] Check Pods Manifest.lock */ = {
			isa = PBXShellScriptBuildPhase;
			buildActionMask = 2147483647;
			files = (
			);
			inputFileListPaths = (
			);
			inputPaths = (
				"${PODS_PODFILE_DIR_PATH}/Podfile.lock",
				"${PODS_ROOT}/Manifest.lock",
			);
			name = "[CP] Check Pods Manifest.lock";
			outputFileListPaths = (
			);
			outputPaths = (
				"$(DERIVED_FILE_DIR)/Pods-FlixsterTests-checkManifestLockResult.txt",
			);
			runOnlyForDeploymentPostprocessing = 0;
			shellPath = /bin/sh;
			shellScript = "diff \"${PODS_PODFILE_DIR_PATH}/Podfile.lock\" \"${PODS_ROOT}/Manifest.lock\" > /dev/null\nif [ $? != 0 ] ; then\n    # print error to STDERR\n    echo \"error: The sandbox is not in sync with the Podfile.lock. Run 'pod install' or update your CocoaPods installation.\" >&2\n    exit 1\nfi\n# This output is used by Xcode 'outputs' to avoid re-running this script phase.\necho \"SUCCESS\" > \"${SCRIPT_OUTPUT_FILE_0}\"\n";
			showEnvVarsInLog = 0;
		};
		B6A4B54EAEB4638B43F955C8 /* [CP] Check Pods Manifest.lock */ = {
			isa = PBXShellScriptBuildPhase;
			buildActionMask = 2147483647;
			files = (
			);
			inputFileListPaths = (
			);
			inputPaths = (
				"${PODS_PODFILE_DIR_PATH}/Podfile.lock",
				"${PODS_ROOT}/Manifest.lock",
			);
			name = "[CP] Check Pods Manifest.lock";
			outputFileListPaths = (
			);
			outputPaths = (
				"$(DERIVED_FILE_DIR)/Pods-Flixster-checkManifestLockResult.txt",
			);
			runOnlyForDeploymentPostprocessing = 0;
			shellPath = /bin/sh;
			shellScript = "diff \"${PODS_PODFILE_DIR_PATH}/Podfile.lock\" \"${PODS_ROOT}/Manifest.lock\" > /dev/null\nif [ $? != 0 ] ; then\n    # print error to STDERR\n    echo \"error: The sandbox is not in sync with the Podfile.lock. Run 'pod install' or update your CocoaPods installation.\" >&2\n    exit 1\nfi\n# This output is used by Xcode 'outputs' to avoid re-running this script phase.\necho \"SUCCESS\" > \"${SCRIPT_OUTPUT_FILE_0}\"\n";
			showEnvVarsInLog = 0;
		};
		CC2744067FBDB1590617BE1E /* [CP] Check Pods Manifest.lock */ = {
			isa = PBXShellScriptBuildPhase;
			buildActionMask = 2147483647;
			files = (
			);
			inputFileListPaths = (
			);
			inputPaths = (
				"${PODS_PODFILE_DIR_PATH}/Podfile.lock",
				"${PODS_ROOT}/Manifest.lock",
			);
			name = "[CP] Check Pods Manifest.lock";
			outputFileListPaths = (
			);
			outputPaths = (
				"$(DERIVED_FILE_DIR)/Pods-Flixster-FlixsterUITests-checkManifestLockResult.txt",
			);
			runOnlyForDeploymentPostprocessing = 0;
			shellPath = /bin/sh;
			shellScript = "diff \"${PODS_PODFILE_DIR_PATH}/Podfile.lock\" \"${PODS_ROOT}/Manifest.lock\" > /dev/null\nif [ $? != 0 ] ; then\n    # print error to STDERR\n    echo \"error: The sandbox is not in sync with the Podfile.lock. Run 'pod install' or update your CocoaPods installation.\" >&2\n    exit 1\nfi\n# This output is used by Xcode 'outputs' to avoid re-running this script phase.\necho \"SUCCESS\" > \"${SCRIPT_OUTPUT_FILE_0}\"\n";
			showEnvVarsInLog = 0;
		};
/* End PBXShellScriptBuildPhase section */

/* Begin PBXSourcesBuildPhase section */
		1D0A838F2698A8360000EAE5 /* Sources */ = {
			isa = PBXSourcesBuildPhase;
			buildActionMask = 2147483647;
			files = (
				1D0A83972698A8360000EAE5 /* AppDelegate.swift in Sources */,
				1D0A83992698A8360000EAE5 /* SceneDelegate.swift in Sources */,
				1D7B91B92698B48E0070B0ED /* MovieCell.swift in Sources */,
				1D7B91B72698AC120070B0ED /* MoviesViewController.swift in Sources */,
			);
			runOnlyForDeploymentPostprocessing = 0;
		};
		1D0A83A52698A8590000EAE5 /* Sources */ = {
			isa = PBXSourcesBuildPhase;
			buildActionMask = 2147483647;
			files = (
				1D0A83AE2698A8590000EAE5 /* FlixsterTests.swift in Sources */,
			);
			runOnlyForDeploymentPostprocessing = 0;
		};
		1D0A83B02698A8590000EAE5 /* Sources */ = {
			isa = PBXSourcesBuildPhase;
			buildActionMask = 2147483647;
			files = (
				1D0A83B92698A8590000EAE5 /* FlixsterUITests.swift in Sources */,
			);
			runOnlyForDeploymentPostprocessing = 0;
		};
/* End PBXSourcesBuildPhase section */

/* Begin PBXTargetDependency section */
		1D0A83AB2698A8590000EAE5 /* PBXTargetDependency */ = {
			isa = PBXTargetDependency;
			target = 1D0A83922698A8360000EAE5 /* Flixster */;
			targetProxy = 1D0A83AA2698A8590000EAE5 /* PBXContainerItemProxy */;
		};
		1D0A83B62698A8590000EAE5 /* PBXTargetDependency */ = {
			isa = PBXTargetDependency;
			target = 1D0A83922698A8360000EAE5 /* Flixster */;
			targetProxy = 1D0A83B52698A8590000EAE5 /* PBXContainerItemProxy */;
		};
/* End PBXTargetDependency section */

/* Begin PBXVariantGroup section */
		1D0A839C2698A8360000EAE5 /* Main.storyboard */ = {
			isa = PBXVariantGroup;
			children = (
				1D0A839D2698A8360000EAE5 /* Base */,
			);
			name = Main.storyboard;
			sourceTree = "<group>";
		};
		1D0A83A12698A8580000EAE5 /* LaunchScreen.storyboard */ = {
			isa = PBXVariantGroup;
			children = (
				1D0A83A22698A8580000EAE5 /* Base */,
			);
			name = LaunchScreen.storyboard;
			sourceTree = "<group>";
		};
/* End PBXVariantGroup section */

/* Begin XCBuildConfiguration section */
		1D0A83BB2698A8590000EAE5 /* Debug */ = {
			isa = XCBuildConfiguration;
			buildSettings = {
				ALWAYS_SEARCH_USER_PATHS = NO;
				CLANG_ANALYZER_NONNULL = YES;
				CLANG_ANALYZER_NUMBER_OBJECT_CONVERSION = YES_AGGRESSIVE;
				CLANG_CXX_LANGUAGE_STANDARD = "gnu++14";
				CLANG_CXX_LIBRARY = "libc++";
				CLANG_ENABLE_MODULES = YES;
				CLANG_ENABLE_OBJC_ARC = YES;
				CLANG_ENABLE_OBJC_WEAK = YES;
				CLANG_WARN_BLOCK_CAPTURE_AUTORELEASING = YES;
				CLANG_WARN_BOOL_CONVERSION = YES;
				CLANG_WARN_COMMA = YES;
				CLANG_WARN_CONSTANT_CONVERSION = YES;
				CLANG_WARN_DEPRECATED_OBJC_IMPLEMENTATIONS = YES;
				CLANG_WARN_DIRECT_OBJC_ISA_USAGE = YES_ERROR;
				CLANG_WARN_DOCUMENTATION_COMMENTS = YES;
				CLANG_WARN_EMPTY_BODY = YES;
				CLANG_WARN_ENUM_CONVERSION = YES;
				CLANG_WARN_INFINITE_RECURSION = YES;
				CLANG_WARN_INT_CONVERSION = YES;
				CLANG_WARN_NON_LITERAL_NULL_CONVERSION = YES;
				CLANG_WARN_OBJC_IMPLICIT_RETAIN_SELF = YES;
				CLANG_WARN_OBJC_LITERAL_CONVERSION = YES;
				CLANG_WARN_OBJC_ROOT_CLASS = YES_ERROR;
				CLANG_WARN_QUOTED_INCLUDE_IN_FRAMEWORK_HEADER = YES;
				CLANG_WARN_RANGE_LOOP_ANALYSIS = YES;
				CLANG_WARN_STRICT_PROTOTYPES = YES;
				CLANG_WARN_SUSPICIOUS_MOVE = YES;
				CLANG_WARN_UNGUARDED_AVAILABILITY = YES_AGGRESSIVE;
				CLANG_WARN_UNREACHABLE_CODE = YES;
				CLANG_WARN__DUPLICATE_METHOD_MATCH = YES;
				COPY_PHASE_STRIP = NO;
				DEBUG_INFORMATION_FORMAT = dwarf;
				ENABLE_STRICT_OBJC_MSGSEND = YES;
				ENABLE_TESTABILITY = YES;
				GCC_C_LANGUAGE_STANDARD = gnu11;
				GCC_DYNAMIC_NO_PIC = NO;
				GCC_NO_COMMON_BLOCKS = YES;
				GCC_OPTIMIZATION_LEVEL = 0;
				GCC_PREPROCESSOR_DEFINITIONS = (
					"DEBUG=1",
					"$(inherited)",
				);
				GCC_WARN_64_TO_32_BIT_CONVERSION = YES;
				GCC_WARN_ABOUT_RETURN_TYPE = YES_ERROR;
				GCC_WARN_UNDECLARED_SELECTOR = YES;
				GCC_WARN_UNINITIALIZED_AUTOS = YES_AGGRESSIVE;
				GCC_WARN_UNUSED_FUNCTION = YES;
				GCC_WARN_UNUSED_VARIABLE = YES;
				IPHONEOS_DEPLOYMENT_TARGET = 14.5;
				MTL_ENABLE_DEBUG_INFO = INCLUDE_SOURCE;
				MTL_FAST_MATH = YES;
				ONLY_ACTIVE_ARCH = YES;
				SDKROOT = iphoneos;
				SWIFT_ACTIVE_COMPILATION_CONDITIONS = DEBUG;
				SWIFT_OPTIMIZATION_LEVEL = "-Onone";
			};
			name = Debug;
		};
		1D0A83BC2698A8590000EAE5 /* Release */ = {
			isa = XCBuildConfiguration;
			buildSettings = {
				ALWAYS_SEARCH_USER_PATHS = NO;
				CLANG_ANALYZER_NONNULL = YES;
				CLANG_ANALYZER_NUMBER_OBJECT_CONVERSION = YES_AGGRESSIVE;
				CLANG_CXX_LANGUAGE_STANDARD = "gnu++14";
				CLANG_CXX_LIBRARY = "libc++";
				CLANG_ENABLE_MODULES = YES;
				CLANG_ENABLE_OBJC_ARC = YES;
				CLANG_ENABLE_OBJC_WEAK = YES;
				CLANG_WARN_BLOCK_CAPTURE_AUTORELEASING = YES;
				CLANG_WARN_BOOL_CONVERSION = YES;
				CLANG_WARN_COMMA = YES;
				CLANG_WARN_CONSTANT_CONVERSION = YES;
				CLANG_WARN_DEPRECATED_OBJC_IMPLEMENTATIONS = YES;
				CLANG_WARN_DIRECT_OBJC_ISA_USAGE = YES_ERROR;
				CLANG_WARN_DOCUMENTATION_COMMENTS = YES;
				CLANG_WARN_EMPTY_BODY = YES;
				CLANG_WARN_ENUM_CONVERSION = YES;
				CLANG_WARN_INFINITE_RECURSION = YES;
				CLANG_WARN_INT_CONVERSION = YES;
				CLANG_WARN_NON_LITERAL_NULL_CONVERSION = YES;
				CLANG_WARN_OBJC_IMPLICIT_RETAIN_SELF = YES;
				CLANG_WARN_OBJC_LITERAL_CONVERSION = YES;
				CLANG_WARN_OBJC_ROOT_CLASS = YES_ERROR;
				CLANG_WARN_QUOTED_INCLUDE_IN_FRAMEWORK_HEADER = YES;
				CLANG_WARN_RANGE_LOOP_ANALYSIS = YES;
				CLANG_WARN_STRICT_PROTOTYPES = YES;
				CLANG_WARN_SUSPICIOUS_MOVE = YES;
				CLANG_WARN_UNGUARDED_AVAILABILITY = YES_AGGRESSIVE;
				CLANG_WARN_UNREACHABLE_CODE = YES;
				CLANG_WARN__DUPLICATE_METHOD_MATCH = YES;
				COPY_PHASE_STRIP = NO;
				DEBUG_INFORMATION_FORMAT = "dwarf-with-dsym";
				ENABLE_NS_ASSERTIONS = NO;
				ENABLE_STRICT_OBJC_MSGSEND = YES;
				GCC_C_LANGUAGE_STANDARD = gnu11;
				GCC_NO_COMMON_BLOCKS = YES;
				GCC_WARN_64_TO_32_BIT_CONVERSION = YES;
				GCC_WARN_ABOUT_RETURN_TYPE = YES_ERROR;
				GCC_WARN_UNDECLARED_SELECTOR = YES;
				GCC_WARN_UNINITIALIZED_AUTOS = YES_AGGRESSIVE;
				GCC_WARN_UNUSED_FUNCTION = YES;
				GCC_WARN_UNUSED_VARIABLE = YES;
				IPHONEOS_DEPLOYMENT_TARGET = 14.5;
				MTL_ENABLE_DEBUG_INFO = NO;
				MTL_FAST_MATH = YES;
				SDKROOT = iphoneos;
				SWIFT_COMPILATION_MODE = wholemodule;
				SWIFT_OPTIMIZATION_LEVEL = "-O";
				VALIDATE_PRODUCT = YES;
			};
			name = Release;
		};
		1D0A83BE2698A8590000EAE5 /* Debug */ = {
			isa = XCBuildConfiguration;
			baseConfigurationReference = 182E9F198883AF62EBF39B0B /* Pods-Flixster.debug.xcconfig */;
			buildSettings = {
				ASSETCATALOG_COMPILER_APPICON_NAME = AppIcon;
				ASSETCATALOG_COMPILER_GLOBAL_ACCENT_COLOR_NAME = AccentColor;
				CODE_SIGN_STYLE = Automatic;
				INFOPLIST_FILE = Flixster/Info.plist;
				LD_RUNPATH_SEARCH_PATHS = (
					"$(inherited)",
					"@executable_path/Frameworks",
				);
				PRODUCT_BUNDLE_IDENTIFIER = com.hallilacanlale.Flixster;
				PRODUCT_NAME = "$(TARGET_NAME)";
				SWIFT_VERSION = 5.0;
				TARGETED_DEVICE_FAMILY = "1,2";
			};
			name = Debug;
		};
		1D0A83BF2698A8590000EAE5 /* Release */ = {
			isa = XCBuildConfiguration;
			baseConfigurationReference = EE97BF1F2532D71A0F449EF1 /* Pods-Flixster.release.xcconfig */;
			buildSettings = {
				ASSETCATALOG_COMPILER_APPICON_NAME = AppIcon;
				ASSETCATALOG_COMPILER_GLOBAL_ACCENT_COLOR_NAME = AccentColor;
				CODE_SIGN_STYLE = Automatic;
				INFOPLIST_FILE = Flixster/Info.plist;
				LD_RUNPATH_SEARCH_PATHS = (
					"$(inherited)",
					"@executable_path/Frameworks",
				);
				PRODUCT_BUNDLE_IDENTIFIER = com.hallilacanlale.Flixster;
				PRODUCT_NAME = "$(TARGET_NAME)";
				SWIFT_VERSION = 5.0;
				TARGETED_DEVICE_FAMILY = "1,2";
			};
			name = Release;
		};
		1D0A83C12698A8590000EAE5 /* Debug */ = {
			isa = XCBuildConfiguration;
			baseConfigurationReference = 943B66B61FDA774A3F87E263 /* Pods-FlixsterTests.debug.xcconfig */;
			buildSettings = {
				ALWAYS_EMBED_SWIFT_STANDARD_LIBRARIES = YES;
				BUNDLE_LOADER = "$(TEST_HOST)";
				CODE_SIGN_STYLE = Automatic;
				INFOPLIST_FILE = FlixsterTests/Info.plist;
				IPHONEOS_DEPLOYMENT_TARGET = 14.5;
				LD_RUNPATH_SEARCH_PATHS = (
					"$(inherited)",
					"@executable_path/Frameworks",
					"@loader_path/Frameworks",
				);
				PRODUCT_BUNDLE_IDENTIFIER = com.hallilacanlale.FlixsterTests;
				PRODUCT_NAME = "$(TARGET_NAME)";
				SWIFT_VERSION = 5.0;
				TARGETED_DEVICE_FAMILY = "1,2";
				TEST_HOST = "$(BUILT_PRODUCTS_DIR)/Flixster.app/Flixster";
			};
			name = Debug;
		};
		1D0A83C22698A8590000EAE5 /* Release */ = {
			isa = XCBuildConfiguration;
			baseConfigurationReference = 8D28241FA45B2783C8F07AC2 /* Pods-FlixsterTests.release.xcconfig */;
			buildSettings = {
				ALWAYS_EMBED_SWIFT_STANDARD_LIBRARIES = YES;
				BUNDLE_LOADER = "$(TEST_HOST)";
				CODE_SIGN_STYLE = Automatic;
				INFOPLIST_FILE = FlixsterTests/Info.plist;
				IPHONEOS_DEPLOYMENT_TARGET = 14.5;
				LD_RUNPATH_SEARCH_PATHS = (
					"$(inherited)",
					"@executable_path/Frameworks",
					"@loader_path/Frameworks",
				);
				PRODUCT_BUNDLE_IDENTIFIER = com.hallilacanlale.FlixsterTests;
				PRODUCT_NAME = "$(TARGET_NAME)";
				SWIFT_VERSION = 5.0;
				TARGETED_DEVICE_FAMILY = "1,2";
				TEST_HOST = "$(BUILT_PRODUCTS_DIR)/Flixster.app/Flixster";
			};
			name = Release;
		};
		1D0A83C42698A8590000EAE5 /* Debug */ = {
			isa = XCBuildConfiguration;
			baseConfigurationReference = 62E68C51B1682B1820170782 /* Pods-Flixster-FlixsterUITests.debug.xcconfig */;
			buildSettings = {
				ALWAYS_EMBED_SWIFT_STANDARD_LIBRARIES = YES;
				CODE_SIGN_STYLE = Automatic;
				INFOPLIST_FILE = FlixsterUITests/Info.plist;
				LD_RUNPATH_SEARCH_PATHS = (
					"$(inherited)",
					"@executable_path/Frameworks",
					"@loader_path/Frameworks",
				);
				PRODUCT_BUNDLE_IDENTIFIER = com.hallilacanlale.FlixsterUITests;
				PRODUCT_NAME = "$(TARGET_NAME)";
				SWIFT_VERSION = 5.0;
				TARGETED_DEVICE_FAMILY = "1,2";
				TEST_TARGET_NAME = Flixster;
			};
			name = Debug;
		};
		1D0A83C52698A8590000EAE5 /* Release */ = {
			isa = XCBuildConfiguration;
			baseConfigurationReference = D368A226B8FABFF714129E52 /* Pods-Flixster-FlixsterUITests.release.xcconfig */;
			buildSettings = {
				ALWAYS_EMBED_SWIFT_STANDARD_LIBRARIES = YES;
				CODE_SIGN_STYLE = Automatic;
				INFOPLIST_FILE = FlixsterUITests/Info.plist;
				LD_RUNPATH_SEARCH_PATHS = (
					"$(inherited)",
					"@executable_path/Frameworks",
					"@loader_path/Frameworks",
				);
				PRODUCT_BUNDLE_IDENTIFIER = com.hallilacanlale.FlixsterUITests;
				PRODUCT_NAME = "$(TARGET_NAME)";
				SWIFT_VERSION = 5.0;
				TARGETED_DEVICE_FAMILY = "1,2";
				TEST_TARGET_NAME = Flixster;
			};
			name = Release;
		};
/* End XCBuildConfiguration section */

/* Begin XCConfigurationList section */
		1D0A838E2698A8350000EAE5 /* Build configuration list for PBXProject "Flixster" */ = {
			isa = XCConfigurationList;
			buildConfigurations = (
				1D0A83BB2698A8590000EAE5 /* Debug */,
				1D0A83BC2698A8590000EAE5 /* Release */,
			);
			defaultConfigurationIsVisible = 0;
			defaultConfigurationName = Release;
		};
		1D0A83BD2698A8590000EAE5 /* Build configuration list for PBXNativeTarget "Flixster" */ = {
			isa = XCConfigurationList;
			buildConfigurations = (
				1D0A83BE2698A8590000EAE5 /* Debug */,
				1D0A83BF2698A8590000EAE5 /* Release */,
			);
			defaultConfigurationIsVisible = 0;
			defaultConfigurationName = Release;
		};
		1D0A83C02698A8590000EAE5 /* Build configuration list for PBXNativeTarget "FlixsterTests" */ = {
			isa = XCConfigurationList;
			buildConfigurations = (
				1D0A83C12698A8590000EAE5 /* Debug */,
				1D0A83C22698A8590000EAE5 /* Release */,
			);
			defaultConfigurationIsVisible = 0;
			defaultConfigurationName = Release;
		};
		1D0A83C32698A8590000EAE5 /* Build configuration list for PBXNativeTarget "FlixsterUITests" */ = {
			isa = XCConfigurationList;
			buildConfigurations = (
				1D0A83C42698A8590000EAE5 /* Debug */,
				1D0A83C52698A8590000EAE5 /* Release */,
			);
			defaultConfigurationIsVisible = 0;
			defaultConfigurationName = Release;
		};
/* End XCConfigurationList section */

/* Begin XCRemoteSwiftPackageReference section */
		1D7B91BA2698B8420070B0ED /* RemoteSwiftPackageReference */ = {
			isa = XCRemoteSwiftPackageReference;
			repositoryURL = "https://github.com/Alamofire/AlamofireImage";
			requirement = {
				kind = upToNextMajorVersion;
				minimumVersion = 4.2.0;
			};
		};
/* End XCRemoteSwiftPackageReference section */

/* Begin XCSwiftPackageProductDependency section */
		1D7B91BB2698B8420070B0ED /* SwiftPackageProductDependency */ = {
			isa = XCSwiftPackageProductDependency;
			package = 1D7B91BA2698B8420070B0ED /* RemoteSwiftPackageReference */;
			productName = AlamofireImage;
		};
/* End XCSwiftPackageProductDependency section */
	};
	rootObject = 1D0A838B2698A8350000EAE5 /* Project object */;
}
